
Microsoft Visual Studio Solution File, Format Version 12.00
# Visual Studio 15
VisualStudioVersion = 15.0.28307.489
MinimumVisualStudioVersion = 10.0.40219.1
Project("{FAE04EC0-301F-11D3-BF4B-00C04F79EFBC}") = "Core", "Core\Core.csproj", "{A8222ACA-1D86-4BB9-812D-AE5ECE9FB3A3}"
EndProject
Project("{FAE04EC0-301F-11D3-BF4B-00C04F79EFBC}") = "UIC", "UIC\UIC.csproj", "{96216A76-46C8-42F1-8D0F-C97974BA98C2}"
EndProject
Global
	GlobalSection(SolutionConfigurationPlatforms) = preSolution
		Debug|Any CPU = Debug|Any CPU
		Release|Any CPU = Release|Any CPU
	EndGlobalSection
	GlobalSection(ProjectConfigurationPlatforms) = postSolution
		{A8222ACA-1D86-4BB9-812D-AE5ECE9FB3A3}.Debug|Any CPU.ActiveCfg = Debug|Any CPU
		{A8222ACA-1D86-4BB9-812D-AE5ECE9FB3A3}.Debug|Any CPU.Build.0 = Debug|Any CPU
		{A8222ACA-1D86-4BB9-812D-AE5ECE9FB3A3}.Release|Any CPU.ActiveCfg = Release|Any CPU
		{A8222ACA-1D86-4BB9-812D-AE5ECE9FB3A3}.Release|Any CPU.Build.0 = Release|Any CPU
		{96216A76-46C8-42F1-8D0F-C97974BA98C2}.Debug|Any CPU.ActiveCfg = Debug|Any CPU
		{96216A76-46C8-42F1-8D0F-C97974BA98C2}.Debug|Any CPU.Build.0 = Debug|Any CPU
		{96216A76-46C8-42F1-8D0F-C97974BA98C2}.Release|Any CPU.ActiveCfg = Release|Any CPU
		{96216A76-46C8-42F1-8D0F-C97974BA98C2}.Release|Any CPU.Build.0 = Release|Any CPU
	EndGlobalSection
	GlobalSection(SolutionProperties) = preSolution
		HideSolutionNode = FALSE
	EndGlobalSection
	GlobalSection(ExtensibilityGlobals) = postSolution
		SolutionGuid = {F5ABEE63-61F7-4FE8-85BD-FEC26CFDF1AE}
	EndGlobalSection
EndGlobal
